
Microsoft Visual Studio Solution File, Format Version 12.00
# Visual Studio Version 17
VisualStudioVersion = 17.7.34009.444
MinimumVisualStudioVersion = 10.0.40219.1
Project("{FAE04EC0-301F-11D3-BF4B-00C04F79EFBC}") = "ejercicio 10", "ejercicio 10\ejercicio 10.csproj", "{60F1887B-0EAE-4056-ADF1-0964E4786BF6}"
EndProject
Global
	GlobalSection(SolutionConfigurationPlatforms) = preSolution
		Debug|Any CPU = Debug|Any CPU
		Release|Any CPU = Release|Any CPU
	EndGlobalSection
	GlobalSection(ProjectConfigurationPlatforms) = postSolution
		{60F1887B-0EAE-4056-ADF1-0964E4786BF6}.Debug|Any CPU.ActiveCfg = Debug|Any CPU
		{60F1887B-0EAE-4056-ADF1-0964E4786BF6}.Debug|Any CPU.Build.0 = Debug|Any CPU
		{60F1887B-0EAE-4056-ADF1-0964E4786BF6}.Release|Any CPU.ActiveCfg = Release|Any CPU
		{60F1887B-0EAE-4056-ADF1-0964E4786BF6}.Release|Any CPU.Build.0 = Release|Any CPU
	EndGlobalSection
	GlobalSection(SolutionProperties) = preSolution
		HideSolutionNode = FALSE
	EndGlobalSection
	GlobalSection(ExtensibilityGlobals) = postSolution
		SolutionGuid = {6DA4896F-946B-40C1-A8A5-DC6359958E96}
	EndGlobalSection
EndGlobal
